
Microsoft Visual Studio Solution File, Format Version 12.00
# Visual Studio 15
VisualStudioVersion = 15.0.27428.2027
MinimumVisualStudioVersion = 10.0.40219.1
Project("{151D2E53-A2C4-4D7D-83FE-D05416EBD58E}") = "AzureTemplates", "AzureTemplates\AzureTemplates.deployproj", "{41912603-674F-4E8F-9897-545A8FC5E1A0}"
EndProject
Project("{FAE04EC0-301F-11D3-BF4B-00C04F79EFBC}") = "AzureWebApp", "AzureWebApp\AzureWebApp.csproj", "{2C6FFD12-5A81-466A-90AF-DEEF45ED55E7}"
EndProject
Global
	GlobalSection(SolutionConfigurationPlatforms) = preSolution
		Debug|Any CPU = Debug|Any CPU
		Release|Any CPU = Release|Any CPU
	EndGlobalSection
	GlobalSection(ProjectConfigurationPlatforms) = postSolution
		{41912603-674F-4E8F-9897-545A8FC5E1A0}.Debug|Any CPU.ActiveCfg = Debug|Any CPU
		{41912603-674F-4E8F-9897-545A8FC5E1A0}.Debug|Any CPU.Build.0 = Debug|Any CPU
		{41912603-674F-4E8F-9897-545A8FC5E1A0}.Release|Any CPU.ActiveCfg = Release|Any CPU
		{41912603-674F-4E8F-9897-545A8FC5E1A0}.Release|Any CPU.Build.0 = Release|Any CPU
		{2C6FFD12-5A81-466A-90AF-DEEF45ED55E7}.Debug|Any CPU.ActiveCfg = Debug|Any CPU
		{2C6FFD12-5A81-466A-90AF-DEEF45ED55E7}.Debug|Any CPU.Build.0 = Debug|Any CPU
		{2C6FFD12-5A81-466A-90AF-DEEF45ED55E7}.Release|Any CPU.ActiveCfg = Release|Any CPU
		{2C6FFD12-5A81-466A-90AF-DEEF45ED55E7}.Release|Any CPU.Build.0 = Release|Any CPU
	EndGlobalSection
	GlobalSection(SolutionProperties) = preSolution
		HideSolutionNode = FALSE
	EndGlobalSection
	GlobalSection(ExtensibilityGlobals) = postSolution
		SolutionGuid = {E4260894-ACCB-4E85-B868-3D24E109655E}
	EndGlobalSection
EndGlobal
